
Microsoft Visual Studio Solution File, Format Version 12.00
# Visual Studio Version 16
VisualStudioVersion = 16.0.30717.126
MinimumVisualStudioVersion = 10.0.40219.1
Project("{FAE04EC0-301F-11D3-BF4B-00C04F79EFBC}") = "Producer", "Producer\Producer.csproj", "{D81D6B52-E74D-42FE-924F-9BC5E2A0C32E}"
EndProject
Project("{FAE04EC0-301F-11D3-BF4B-00C04F79EFBC}") = "Consumer", "Consumer\Consumer.csproj", "{95966AE9-0FBF-436F-B587-0DDB730F8A94}"
EndProject
Global
	GlobalSection(SolutionConfigurationPlatforms) = preSolution
		Debug|Any CPU = Debug|Any CPU
		Release|Any CPU = Release|Any CPU
	EndGlobalSection
	GlobalSection(ProjectConfigurationPlatforms) = postSolution
		{D81D6B52-E74D-42FE-924F-9BC5E2A0C32E}.Debug|Any CPU.ActiveCfg = Debug|Any CPU
		{D81D6B52-E74D-42FE-924F-9BC5E2A0C32E}.Debug|Any CPU.Build.0 = Debug|Any CPU
		{D81D6B52-E74D-42FE-924F-9BC5E2A0C32E}.Release|Any CPU.ActiveCfg = Release|Any CPU
		{D81D6B52-E74D-42FE-924F-9BC5E2A0C32E}.Release|Any CPU.Build.0 = Release|Any CPU
		{95966AE9-0FBF-436F-B587-0DDB730F8A94}.Debug|Any CPU.ActiveCfg = Debug|Any CPU
		{95966AE9-0FBF-436F-B587-0DDB730F8A94}.Debug|Any CPU.Build.0 = Debug|Any CPU
		{95966AE9-0FBF-436F-B587-0DDB730F8A94}.Release|Any CPU.ActiveCfg = Release|Any CPU
		{95966AE9-0FBF-436F-B587-0DDB730F8A94}.Release|Any CPU.Build.0 = Release|Any CPU
	EndGlobalSection
	GlobalSection(SolutionProperties) = preSolution
		HideSolutionNode = FALSE
	EndGlobalSection
	GlobalSection(ExtensibilityGlobals) = postSolution
		SolutionGuid = {8A3213A5-3E4B-4897-A3DA-EF2C24FDB120}
	EndGlobalSection
EndGlobal
